<?xml version="1.0" encoding="utf-8"?>
<Project ToolsVersion="4.0" xmlns="http://schemas.microsoft.com/developer/msbuild/2003">
  <ItemGroup>
    <Filter Include="Source Files">
      <UniqueIdentifier>{4FC737F1-C7A5-4376-A066-2A32D752A2FF}</UniqueIdentifier>
      <Extensions>cpp;c;cc;cxx;def;odl;idl;hpj;bat;asm;asmx</Extensions>
    </Filter>
    <Filter Include="Header Files">
      <UniqueIdentifier>{93995380-89BD-4b04-88EB-625FBE52EBFB}</UniqueIdentifier>
      <Extensions>h;hh;hpp;hxx;hm;inl;inc;xsd</Extensions>
    </Filter>
    <Filter Include="Resource Files">
      <UniqueIdentifier>{67DA6AB6-F800-4c08-8B7A-83BB121AAD01}</UniqueIdentifier>
      <Extensions>rc;ico;cur;bmp;dlg;rc2;rct;bin;rgs;gif;jpg;jpeg;jpe;resx;tiff;tif;png;wav</Extensions>
    </Filter>
  </ItemGroup>
  <ItemGroup>
    <ClCompile Include="fvdemo2\common.cpp">
      <Filter>Source Files</Filter>
    </ClCompile>
    <ClCompile Include="fvdemo2\FVDemo.cpp">
      <Filter>Source Files</Filter>
    </ClCompile>
    <ClCompile Include="fvdemo2\MainDlg.cpp">
      <Filter>Source Files</Filter>
    </ClCompile>
    <ClCompile Include="fvdemo2\Serial.cpp">
      <Filter>Source Files</Filter>
    </ClCompile>
    <ClCompile Include="fvdemo2\stdafx.cpp">
      <Filter>Source Files</Filter>
    </ClCompile>
    <ClCompile Include="fvdemo2\skinbutton\SkinButton.cpp">
      <Filter>Source Files</Filter>
    </ClCompile>
  </ItemGroup>
  <ItemGroup>
    <ClInclude Include="fvdemo2\atlapp.h">
      <Filter>Header Files</Filter>
    </ClInclude>
    <ClInclude Include="fvdemo2\atlres.h">
      <Filter>Header Files</Filter>
    </ClInclude>
    <ClInclude Include="fvdemo2\common.h">
      <Filter>Header Files</Filter>
    </ClInclude>
    <ClInclude Include="fvdemo2\FVDemo.h">
      <Filter>Header Files</Filter>
    </ClInclude>
    <ClInclude Include="fvdemo2\MainDlg.h">
      <Filter>Header Files</Filter>
    </ClInclude>
    <ClInclude Include="fvdemo2\PictureBox.h">
      <Filter>Header Files</Filter>
    </ClInclude>
    <ClInclude Include="fvdemo2\resource.h">
      <Filter>Header Files</Filter>
    </ClInclude>
    <ClInclude Include="fvdemo2\Serial.h">
      <Filter>Header Files</Filter>
    </ClInclude>
    <ClInclude Include="fvdemo2\stdafx.h">
      <Filter>Header Files</Filter>
    </ClInclude>
    <ClInclude Include="fvdemo2\libzkfv\include\zkfvapi.h">
      <Filter>Header Files</Filter>
    </ClInclude>
    <ClInclude Include="fvdemo2\libzkfv\include\zkfvapierrdef.h">
      <Filter>Header Files</Filter>
    </ClInclude>
    <ClInclude Include="fvdemo2\libzkfv\include\zkfvapitype.h">
      <Filter>Header Files</Filter>
    </ClInclude>
    <ClInclude Include="fvdemo2\skinbutton\SkinButton.h">
      <Filter>Header Files</Filter>
    </ClInclude>
    <ClInclude Include="wtl\include\atlapp.h">
      <Filter>Header Files</Filter>
    </ClInclude>
    <ClInclude Include="wtl\include\atlcrack.h">
      <Filter>Header Files</Filter>
    </ClInclude>
    <ClInclude Include="wtl\include\atlctrls.h">
      <Filter>Header Files</Filter>
    </ClInclude>
    <ClInclude Include="wtl\include\atlctrlw.h">
      <Filter>Header Files</Filter>
    </ClInclude>
    <ClInclude Include="wtl\include\atlctrlx.h">
      <Filter>Header Files</Filter>
    </ClInclude>
    <ClInclude Include="wtl\include\atlddx.h">
      <Filter>Header Files</Filter>
    </ClInclude>
    <ClInclude Include="wtl\include\atldlgs.h">
      <Filter>Header Files</Filter>
    </ClInclude>
    <ClInclude Include="wtl\include\atldwm.h">
      <Filter>Header Files</Filter>
    </ClInclude>
    <ClInclude Include="wtl\include\atlfind.h">
      <Filter>Header Files</Filter>
    </ClInclude>
    <ClInclude Include="wtl\include\atlframe.h">
      <Filter>Header Files</Filter>
    </ClInclude>
    <ClInclude Include="wtl\include\atlgdi.h">
      <Filter>Header Files</Filter>
    </ClInclude>
    <ClInclude Include="wtl\include\atlmisc.h">
      <Filter>Header Files</Filter>
    </ClInclude>
    <ClInclude Include="wtl\include\atlprint.h">
      <Filter>Header Files</Filter>
    </ClInclude>
    <ClInclude Include="wtl\include\atlres.h">
      <Filter>Header Files</Filter>
    </ClInclude>
    <ClInclude Include="wtl\include\atlresce.h">
      <Filter>Header Files</Filter>
    </ClInclude>
    <ClInclude Include="wtl\include\atlribbon.h">
      <Filter>Header Files</Filter>
    </ClInclude>
    <ClInclude Include="wtl\include\atlscrl.h">
      <Filter>Header Files</Filter>
    </ClInclude>
    <ClInclude Include="wtl\include\atlsplit.h">
      <Filter>Header Files</Filter>
    </ClInclude>
    <ClInclude Include="wtl\include\atltheme.h">
      <Filter>Header Files</Filter>
    </ClInclude>
    <ClInclude Include="wtl\include\atluser.h">
      <Filter>Header Files</Filter>
    </ClInclude>
    <ClInclude Include="wtl\include\atlwince.h">
      <Filter>Header Files</Filter>
    </ClInclude>
    <ClInclude Include="wtl\include\atlwinx.h">
      <Filter>Header Files</Filter>
    </ClInclude>
  </ItemGroup>
  <ItemGroup>
    <ResourceCompile Include="fvdemo2\FVDemo.rc">
      <Filter>Resource Files</Filter>
    </ResourceCompile>
  </ItemGroup>
</Project>